
Microsoft Visual Studio Solution File, Format Version 12.00
Project("{FAE04EC0-301F-11D3-BF4B-00C04F79EFBC}") = "Streamly.Core", "Streamly.Core\Streamly.Core.csproj", "{1CB9B979-E9C0-48F3-8402-2B087D2482F6}"
EndProject
Project("{FAE04EC0-301F-11D3-BF4B-00C04F79EFBC}") = "Streamly.Infrastructure", "Streamly.Infrastructure\Streamly.Infrastructure.csproj", "{D47E2B70-77F5-4FEF-926B-AAB2DA067B76}"
EndProject
Project("{FAE04EC0-301F-11D3-BF4B-00C04F79EFBC}") = "Streamly.Core.Runtime", "Streamly.Core.Runtime\Streamly.Core.Runtime.csproj", "{42C41E32-5C56-4609-AA00-F722D6C34834}"
EndProject
Project("{FAE04EC0-301F-11D3-BF4B-00C04F79EFBC}") = "Streamly.Subscriber", "Streamly.Subscriber\Streamly.Subscriber.csproj", "{2A9B2CFB-EE9B-436F-B99A-7F92566BD07A}"
EndProject
Project("{2150E333-8FDC-42A3-9474-1A3956D46DE8}") = "Examples", "Examples", "{712C8C2E-EBE6-4CC8-8C1D-F9368E70F841}"
EndProject
Project("{FAE04EC0-301F-11D3-BF4B-00C04F79EFBC}") = "Streamly.FakePublisher", "Examples\Streamly.FakePublisher\Streamly.FakePublisher.csproj", "{EA972F17-6584-43C3-8EAC-3CE29F57D073}"
EndProject
Project("{FAE04EC0-301F-11D3-BF4B-00C04F79EFBC}") = "Streamly.FakeSubscriber", "Examples\Streamly.FakeSubscriber\Streamly.FakeSubscriber.csproj", "{D6D5BAB4-8990-4D7F-9DB0-1BD5EB103190}"
EndProject
Project("{FAE04EC0-301F-11D3-BF4B-00C04F79EFBC}") = "Streamly.Benchmarks", "Streamly.Benchmarks\Streamly.Benchmarks.csproj", "{3C023FE1-E7AA-4AF8-8F2A-79D46F409BD3}"
EndProject
Project("{FAE04EC0-301F-11D3-BF4B-00C04F79EFBC}") = "Streamly.LoadTests", "Streamly.LoadTests\Streamly.LoadTests.csproj", "{F81E4442-5650-4921-B7DD-C9D62DCED0AB}"
EndProject
Global
	GlobalSection(SolutionConfigurationPlatforms) = preSolution
		Debug|Any CPU = Debug|Any CPU
		Release|Any CPU = Release|Any CPU
	EndGlobalSection
	GlobalSection(ProjectConfigurationPlatforms) = postSolution
		{1CB9B979-E9C0-48F3-8402-2B087D2482F6}.Debug|Any CPU.ActiveCfg = Debug|Any CPU
		{1CB9B979-E9C0-48F3-8402-2B087D2482F6}.Debug|Any CPU.Build.0 = Debug|Any CPU
		{1CB9B979-E9C0-48F3-8402-2B087D2482F6}.Release|Any CPU.ActiveCfg = Release|Any CPU
		{1CB9B979-E9C0-48F3-8402-2B087D2482F6}.Release|Any CPU.Build.0 = Release|Any CPU
		{D47E2B70-77F5-4FEF-926B-AAB2DA067B76}.Debug|Any CPU.ActiveCfg = Debug|Any CPU
		{D47E2B70-77F5-4FEF-926B-AAB2DA067B76}.Debug|Any CPU.Build.0 = Debug|Any CPU
		{D47E2B70-77F5-4FEF-926B-AAB2DA067B76}.Release|Any CPU.ActiveCfg = Release|Any CPU
		{D47E2B70-77F5-4FEF-926B-AAB2DA067B76}.Release|Any CPU.Build.0 = Release|Any CPU
		{42C41E32-5C56-4609-AA00-F722D6C34834}.Debug|Any CPU.ActiveCfg = Debug|Any CPU
		{42C41E32-5C56-4609-AA00-F722D6C34834}.Debug|Any CPU.Build.0 = Debug|Any CPU
		{42C41E32-5C56-4609-AA00-F722D6C34834}.Release|Any CPU.ActiveCfg = Release|Any CPU
		{42C41E32-5C56-4609-AA00-F722D6C34834}.Release|Any CPU.Build.0 = Release|Any CPU
		{2A9B2CFB-EE9B-436F-B99A-7F92566BD07A}.Debug|Any CPU.ActiveCfg = Debug|Any CPU
		{2A9B2CFB-EE9B-436F-B99A-7F92566BD07A}.Debug|Any CPU.Build.0 = Debug|Any CPU
		{2A9B2CFB-EE9B-436F-B99A-7F92566BD07A}.Release|Any CPU.ActiveCfg = Release|Any CPU
		{2A9B2CFB-EE9B-436F-B99A-7F92566BD07A}.Release|Any CPU.Build.0 = Release|Any CPU
		{EA972F17-6584-43C3-8EAC-3CE29F57D073}.Debug|Any CPU.ActiveCfg = Debug|Any CPU
		{EA972F17-6584-43C3-8EAC-3CE29F57D073}.Debug|Any CPU.Build.0 = Debug|Any CPU
		{EA972F17-6584-43C3-8EAC-3CE29F57D073}.Release|Any CPU.ActiveCfg = Release|Any CPU
		{EA972F17-6584-43C3-8EAC-3CE29F57D073}.Release|Any CPU.Build.0 = Release|Any CPU
		{D6D5BAB4-8990-4D7F-9DB0-1BD5EB103190}.Debug|Any CPU.ActiveCfg = Debug|Any CPU
		{D6D5BAB4-8990-4D7F-9DB0-1BD5EB103190}.Debug|Any CPU.Build.0 = Debug|Any CPU
		{D6D5BAB4-8990-4D7F-9DB0-1BD5EB103190}.Release|Any CPU.ActiveCfg = Release|Any CPU
		{D6D5BAB4-8990-4D7F-9DB0-1BD5EB103190}.Release|Any CPU.Build.0 = Release|Any CPU
		{3C023FE1-E7AA-4AF8-8F2A-79D46F409BD3}.Debug|Any CPU.ActiveCfg = Debug|Any CPU
		{3C023FE1-E7AA-4AF8-8F2A-79D46F409BD3}.Debug|Any CPU.Build.0 = Debug|Any CPU
		{3C023FE1-E7AA-4AF8-8F2A-79D46F409BD3}.Release|Any CPU.ActiveCfg = Release|Any CPU
		{3C023FE1-E7AA-4AF8-8F2A-79D46F409BD3}.Release|Any CPU.Build.0 = Release|Any CPU
		{F81E4442-5650-4921-B7DD-C9D62DCED0AB}.Debug|Any CPU.ActiveCfg = Debug|Any CPU
		{F81E4442-5650-4921-B7DD-C9D62DCED0AB}.Debug|Any CPU.Build.0 = Debug|Any CPU
		{F81E4442-5650-4921-B7DD-C9D62DCED0AB}.Release|Any CPU.ActiveCfg = Release|Any CPU
		{F81E4442-5650-4921-B7DD-C9D62DCED0AB}.Release|Any CPU.Build.0 = Release|Any CPU
	EndGlobalSection
	GlobalSection(NestedProjects) = preSolution
		{EA972F17-6584-43C3-8EAC-3CE29F57D073} = {712C8C2E-EBE6-4CC8-8C1D-F9368E70F841}
		{D6D5BAB4-8990-4D7F-9DB0-1BD5EB103190} = {712C8C2E-EBE6-4CC8-8C1D-F9368E70F841}
	EndGlobalSection
EndGlobal
